
Microsoft Visual Studio Solution File, Format Version 12.00
# Visual Studio Version 17
VisualStudioVersion = 17.6.33815.320
MinimumVisualStudioVersion = 10.0.40219.1
Project("{2150E333-8FDC-42A3-9474-1A3956D46DE8}") = ".tests", ".tests", "{329AE922-EBC5-4CA6-9958-21F684BEE670}"
EndProject
Project("{9A19103F-16F7-4668-BE54-9A1E7A4F7556}") = "UnstableSort.Crudless.Tests", "UnstableSort.Crudless.Tests\UnstableSort.Crudless.Tests.csproj", "{ED3071B9-0DBB-4DBE-A293-62F7BFA99C06}"
EndProject
Project("{9A19103F-16F7-4668-BE54-9A1E7A4F7556}") = "UnstableSort.Crudless", "UnstableSort.Crudless\UnstableSort.Crudless.csproj", "{43B3A4BE-E02F-42D4-ACA9-74E080021981}"
EndProject
Project("{9A19103F-16F7-4668-BE54-9A1E7A4F7556}") = "UnstableSort.Crudless.Mediator", "UnstableSort.Crudless.Mediator\UnstableSort.Crudless.Mediator.csproj", "{CFDC0945-73F7-4A8E-B7B0-11ABFCCD3600}"
EndProject
Project("{9A19103F-16F7-4668-BE54-9A1E7A4F7556}") = "UnstableSort.Crudless.Mediator.Hangfire", "UnstableSort.Crudless.Mediator.Hangfire\UnstableSort.Crudless.Mediator.Hangfire.csproj", "{0350D6D0-A19F-4AD6-8E86-33868C112C5F}"
EndProject
Project("{9A19103F-16F7-4668-BE54-9A1E7A4F7556}") = "UnstableSort.Crudless.Mediator.Tests", "UnstableSort.Crudless.Mediator.Tests\UnstableSort.Crudless.Mediator.Tests.csproj", "{04203E71-3453-4623-8D9D-55BC5A9C5F53}"
EndProject
Project("{9A19103F-16F7-4668-BE54-9A1E7A4F7556}") = "UnstableSort.Crudless.Common", "UnstableSort.Crudless.Common\UnstableSort.Crudless.Common.csproj", "{81BE1B50-9985-4664-8FD9-E9335B3B3FDD}"
EndProject
Project("{9A19103F-16F7-4668-BE54-9A1E7A4F7556}") = "UnstableSort.Crudless.Adapter.TurnerMediator", "UnstableSort.Crudless.Adapter.TurnerMediator\UnstableSort.Crudless.Adapter.TurnerMediator.csproj", "{DFFF0757-5D6C-498A-AEF0-264E955D1F51}"
EndProject
Project("{9A19103F-16F7-4668-BE54-9A1E7A4F7556}") = "UnstableSort.Crudless.Integration.EntityFrameworkCore", "UnstableSort.Crudless.Integration.EntityFrameworkCore\UnstableSort.Crudless.Integration.EntityFrameworkCore.csproj", "{C4D40C00-DD76-4732-A04F-2BD57146CCB7}"
EndProject
Project("{9A19103F-16F7-4668-BE54-9A1E7A4F7556}") = "UnstableSort.Crudless.Integration.EntityFrameworkCore.Transactions", "UnstableSort.Crudless.Integration.EntityFrameworkCore.Transactions\UnstableSort.Crudless.Integration.EntityFrameworkCore.Transactions.csproj", "{1BDBE30C-067F-4E69-8BDE-99AB772874F9}"
EndProject
Project("{9A19103F-16F7-4668-BE54-9A1E7A4F7556}") = "UnstableSort.Crudless.Integration.EntityFrameworkExtensions", "UnstableSort.Crudless.Integration.EntityFrameworkExtensions\UnstableSort.Crudless.Integration.EntityFrameworkExtensions.csproj", "{176CFD0A-FE6E-4066-AE46-73C6DC70B78F}"
EndProject
Project("{9A19103F-16F7-4668-BE54-9A1E7A4F7556}") = "UnstableSort.Crudless.Integration.FluentValidation", "UnstableSort.Crudless.Integration.FluentValidation\UnstableSort.Crudless.Integration.FluentValidation.csproj", "{7875F1DD-F2C4-47A6-8819-6C2B7D49331F}"
EndProject
Project("{9A19103F-16F7-4668-BE54-9A1E7A4F7556}") = "UnstableSort.Crudless.Integration.SimpleInjector", "UnstableSort.Crudless.Integration.SimpleInjector\UnstableSort.Crudless.Integration.SimpleInjector.csproj", "{AB87A993-967A-4010-857F-5E5AEB9C3419}"
EndProject
Project("{FAE04EC0-301F-11D3-BF4B-00C04F79EFBC}") = "UnstableSort.Crudless.Integration.AutoMapper", "UnstableSort.Crudless.Integration.AutoMapper\UnstableSort.Crudless.Integration.AutoMapper.csproj", "{BCB5287B-EFC7-4B28-B3B2-33F36A80B2FF}"
EndProject
Global
	GlobalSection(SolutionConfigurationPlatforms) = preSolution
		Debug|Any CPU = Debug|Any CPU
		Deploy|Any CPU = Deploy|Any CPU
		Release|Any CPU = Release|Any CPU
	EndGlobalSection
	GlobalSection(ProjectConfigurationPlatforms) = postSolution
		{ED3071B9-0DBB-4DBE-A293-62F7BFA99C06}.Debug|Any CPU.ActiveCfg = Debug|Any CPU
		{ED3071B9-0DBB-4DBE-A293-62F7BFA99C06}.Debug|Any CPU.Build.0 = Debug|Any CPU
		{ED3071B9-0DBB-4DBE-A293-62F7BFA99C06}.Deploy|Any CPU.ActiveCfg = Debug|Any CPU
		{ED3071B9-0DBB-4DBE-A293-62F7BFA99C06}.Deploy|Any CPU.Build.0 = Debug|Any CPU
		{ED3071B9-0DBB-4DBE-A293-62F7BFA99C06}.Release|Any CPU.ActiveCfg = Release|Any CPU
		{ED3071B9-0DBB-4DBE-A293-62F7BFA99C06}.Release|Any CPU.Build.0 = Release|Any CPU
		{43B3A4BE-E02F-42D4-ACA9-74E080021981}.Debug|Any CPU.ActiveCfg = Debug|Any CPU
		{43B3A4BE-E02F-42D4-ACA9-74E080021981}.Debug|Any CPU.Build.0 = Debug|Any CPU
		{43B3A4BE-E02F-42D4-ACA9-74E080021981}.Deploy|Any CPU.ActiveCfg = Debug|Any CPU
		{43B3A4BE-E02F-42D4-ACA9-74E080021981}.Deploy|Any CPU.Build.0 = Debug|Any CPU
		{43B3A4BE-E02F-42D4-ACA9-74E080021981}.Release|Any CPU.ActiveCfg = Release|Any CPU
		{43B3A4BE-E02F-42D4-ACA9-74E080021981}.Release|Any CPU.Build.0 = Release|Any CPU
		{CFDC0945-73F7-4A8E-B7B0-11ABFCCD3600}.Debug|Any CPU.ActiveCfg = Debug|Any CPU
		{CFDC0945-73F7-4A8E-B7B0-11ABFCCD3600}.Debug|Any CPU.Build.0 = Debug|Any CPU
		{CFDC0945-73F7-4A8E-B7B0-11ABFCCD3600}.Deploy|Any CPU.ActiveCfg = Debug|Any CPU
		{CFDC0945-73F7-4A8E-B7B0-11ABFCCD3600}.Deploy|Any CPU.Build.0 = Debug|Any CPU
		{CFDC0945-73F7-4A8E-B7B0-11ABFCCD3600}.Release|Any CPU.ActiveCfg = Release|Any CPU
		{CFDC0945-73F7-4A8E-B7B0-11ABFCCD3600}.Release|Any CPU.Build.0 = Release|Any CPU
		{0350D6D0-A19F-4AD6-8E86-33868C112C5F}.Debug|Any CPU.ActiveCfg = Debug|Any CPU
		{0350D6D0-A19F-4AD6-8E86-33868C112C5F}.Debug|Any CPU.Build.0 = Debug|Any CPU
		{0350D6D0-A19F-4AD6-8E86-33868C112C5F}.Deploy|Any CPU.ActiveCfg = Debug|Any CPU
		{0350D6D0-A19F-4AD6-8E86-33868C112C5F}.Deploy|Any CPU.Build.0 = Debug|Any CPU
		{0350D6D0-A19F-4AD6-8E86-33868C112C5F}.Release|Any CPU.ActiveCfg = Release|Any CPU
		{0350D6D0-A19F-4AD6-8E86-33868C112C5F}.Release|Any CPU.Build.0 = Release|Any CPU
		{04203E71-3453-4623-8D9D-55BC5A9C5F53}.Debug|Any CPU.ActiveCfg = Debug|Any CPU
		{04203E71-3453-4623-8D9D-55BC5A9C5F53}.Debug|Any CPU.Build.0 = Debug|Any CPU
		{04203E71-3453-4623-8D9D-55BC5A9C5F53}.Deploy|Any CPU.ActiveCfg = Debug|Any CPU
		{04203E71-3453-4623-8D9D-55BC5A9C5F53}.Deploy|Any CPU.Build.0 = Debug|Any CPU
		{04203E71-3453-4623-8D9D-55BC5A9C5F53}.Release|Any CPU.ActiveCfg = Release|Any CPU
		{04203E71-3453-4623-8D9D-55BC5A9C5F53}.Release|Any CPU.Build.0 = Release|Any CPU
		{81BE1B50-9985-4664-8FD9-E9335B3B3FDD}.Debug|Any CPU.ActiveCfg = Debug|Any CPU
		{81BE1B50-9985-4664-8FD9-E9335B3B3FDD}.Debug|Any CPU.Build.0 = Debug|Any CPU
		{81BE1B50-9985-4664-8FD9-E9335B3B3FDD}.Deploy|Any CPU.ActiveCfg = Debug|Any CPU
		{81BE1B50-9985-4664-8FD9-E9335B3B3FDD}.Deploy|Any CPU.Build.0 = Debug|Any CPU
		{81BE1B50-9985-4664-8FD9-E9335B3B3FDD}.Release|Any CPU.ActiveCfg = Release|Any CPU
		{81BE1B50-9985-4664-8FD9-E9335B3B3FDD}.Release|Any CPU.Build.0 = Release|Any CPU
		{DFFF0757-5D6C-498A-AEF0-264E955D1F51}.Debug|Any CPU.ActiveCfg = Debug|Any CPU
		{DFFF0757-5D6C-498A-AEF0-264E955D1F51}.Debug|Any CPU.Build.0 = Debug|Any CPU
		{DFFF0757-5D6C-498A-AEF0-264E955D1F51}.Deploy|Any CPU.ActiveCfg = Debug|Any CPU
		{DFFF0757-5D6C-498A-AEF0-264E955D1F51}.Deploy|Any CPU.Build.0 = Debug|Any CPU
		{DFFF0757-5D6C-498A-AEF0-264E955D1F51}.Release|Any CPU.ActiveCfg = Release|Any CPU
		{DFFF0757-5D6C-498A-AEF0-264E955D1F51}.Release|Any CPU.Build.0 = Release|Any CPU
		{C4D40C00-DD76-4732-A04F-2BD57146CCB7}.Debug|Any CPU.ActiveCfg = Debug|Any CPU
		{C4D40C00-DD76-4732-A04F-2BD57146CCB7}.Debug|Any CPU.Build.0 = Debug|Any CPU
		{C4D40C00-DD76-4732-A04F-2BD57146CCB7}.Deploy|Any CPU.ActiveCfg = Debug|Any CPU
		{C4D40C00-DD76-4732-A04F-2BD57146CCB7}.Deploy|Any CPU.Build.0 = Debug|Any CPU
		{C4D40C00-DD76-4732-A04F-2BD57146CCB7}.Release|Any CPU.ActiveCfg = Release|Any CPU
		{C4D40C00-DD76-4732-A04F-2BD57146CCB7}.Release|Any CPU.Build.0 = Release|Any CPU
		{1BDBE30C-067F-4E69-8BDE-99AB772874F9}.Debug|Any CPU.ActiveCfg = Debug|Any CPU
		{1BDBE30C-067F-4E69-8BDE-99AB772874F9}.Debug|Any CPU.Build.0 = Debug|Any CPU
		{1BDBE30C-067F-4E69-8BDE-99AB772874F9}.Deploy|Any CPU.ActiveCfg = Debug|Any CPU
		{1BDBE30C-067F-4E69-8BDE-99AB772874F9}.Deploy|Any CPU.Build.0 = Debug|Any CPU
		{1BDBE30C-067F-4E69-8BDE-99AB772874F9}.Release|Any CPU.ActiveCfg = Release|Any CPU
		{1BDBE30C-067F-4E69-8BDE-99AB772874F9}.Release|Any CPU.Build.0 = Release|Any CPU
		{176CFD0A-FE6E-4066-AE46-73C6DC70B78F}.Debug|Any CPU.ActiveCfg = Debug|Any CPU
		{176CFD0A-FE6E-4066-AE46-73C6DC70B78F}.Debug|Any CPU.Build.0 = Debug|Any CPU
		{176CFD0A-FE6E-4066-AE46-73C6DC70B78F}.Deploy|Any CPU.ActiveCfg = Debug|Any CPU
		{176CFD0A-FE6E-4066-AE46-73C6DC70B78F}.Deploy|Any CPU.Build.0 = Debug|Any CPU
		{176CFD0A-FE6E-4066-AE46-73C6DC70B78F}.Release|Any CPU.ActiveCfg = Release|Any CPU
		{176CFD0A-FE6E-4066-AE46-73C6DC70B78F}.Release|Any CPU.Build.0 = Release|Any CPU
		{7875F1DD-F2C4-47A6-8819-6C2B7D49331F}.Debug|Any CPU.ActiveCfg = Debug|Any CPU
		{7875F1DD-F2C4-47A6-8819-6C2B7D49331F}.Debug|Any CPU.Build.0 = Debug|Any CPU
		{7875F1DD-F2C4-47A6-8819-6C2B7D49331F}.Deploy|Any CPU.ActiveCfg = Debug|Any CPU
		{7875F1DD-F2C4-47A6-8819-6C2B7D49331F}.Deploy|Any CPU.Build.0 = Debug|Any CPU
		{7875F1DD-F2C4-47A6-8819-6C2B7D49331F}.Release|Any CPU.ActiveCfg = Release|Any CPU
		{7875F1DD-F2C4-47A6-8819-6C2B7D49331F}.Release|Any CPU.Build.0 = Release|Any CPU
		{AB87A993-967A-4010-857F-5E5AEB9C3419}.Debug|Any CPU.ActiveCfg = Debug|Any CPU
		{AB87A993-967A-4010-857F-5E5AEB9C3419}.Debug|Any CPU.Build.0 = Debug|Any CPU
		{AB87A993-967A-4010-857F-5E5AEB9C3419}.Deploy|Any CPU.ActiveCfg = Debug|Any CPU
		{AB87A993-967A-4010-857F-5E5AEB9C3419}.Deploy|Any CPU.Build.0 = Debug|Any CPU
		{AB87A993-967A-4010-857F-5E5AEB9C3419}.Release|Any CPU.ActiveCfg = Release|Any CPU
		{AB87A993-967A-4010-857F-5E5AEB9C3419}.Release|Any CPU.Build.0 = Release|Any CPU
		{BCB5287B-EFC7-4B28-B3B2-33F36A80B2FF}.Debug|Any CPU.ActiveCfg = Debug|Any CPU
		{BCB5287B-EFC7-4B28-B3B2-33F36A80B2FF}.Debug|Any CPU.Build.0 = Debug|Any CPU
		{BCB5287B-EFC7-4B28-B3B2-33F36A80B2FF}.Deploy|Any CPU.ActiveCfg = Debug|Any CPU
		{BCB5287B-EFC7-4B28-B3B2-33F36A80B2FF}.Deploy|Any CPU.Build.0 = Debug|Any CPU
		{BCB5287B-EFC7-4B28-B3B2-33F36A80B2FF}.Release|Any CPU.ActiveCfg = Release|Any CPU
		{BCB5287B-EFC7-4B28-B3B2-33F36A80B2FF}.Release|Any CPU.Build.0 = Release|Any CPU
	EndGlobalSection
	GlobalSection(SolutionProperties) = preSolution
		HideSolutionNode = FALSE
	EndGlobalSection
	GlobalSection(NestedProjects) = preSolution
		{ED3071B9-0DBB-4DBE-A293-62F7BFA99C06} = {329AE922-EBC5-4CA6-9958-21F684BEE670}
		{04203E71-3453-4623-8D9D-55BC5A9C5F53} = {329AE922-EBC5-4CA6-9958-21F684BEE670}
	EndGlobalSection
	GlobalSection(ExtensibilityGlobals) = postSolution
		SolutionGuid = {0ABDA19F-49A6-4EE8-8E74-E3687D265368}
	EndGlobalSection
EndGlobal
